
Microsoft Visual Studio Solution File, Format Version 12.00
# Visual Studio Version 17
VisualStudioVersion = 17.9.34728.123
MinimumVisualStudioVersion = 10.0.40219.1
Project("{FAE04EC0-301F-11D3-BF4B-00C04F79EFBC}") = "Desempeño_Parcial_1_TP4_Pascual_Silvestri", "Desempeño_Parcial_1_TP4_Pascual_Silvestri.csproj", "{176CBB70-D24C-491A-BDDF-C5C1FFB25492}"
EndProject
Global
	GlobalSection(SolutionConfigurationPlatforms) = preSolution
		Debug|Any CPU = Debug|Any CPU
		Release|Any CPU = Release|Any CPU
	EndGlobalSection
	GlobalSection(ProjectConfigurationPlatforms) = postSolution
		{176CBB70-D24C-491A-BDDF-C5C1FFB25492}.Debug|Any CPU.ActiveCfg = Debug|Any CPU
		{176CBB70-D24C-491A-BDDF-C5C1FFB25492}.Debug|Any CPU.Build.0 = Debug|Any CPU
		{176CBB70-D24C-491A-BDDF-C5C1FFB25492}.Release|Any CPU.ActiveCfg = Release|Any CPU
		{176CBB70-D24C-491A-BDDF-C5C1FFB25492}.Release|Any CPU.Build.0 = Release|Any CPU
	EndGlobalSection
	GlobalSection(SolutionProperties) = preSolution
		HideSolutionNode = FALSE
	EndGlobalSection
	GlobalSection(ExtensibilityGlobals) = postSolution
		SolutionGuid = {DDAEC508-1794-4F8D-9916-8A07B19B3EEA}
	EndGlobalSection
EndGlobal
